{
  "version": 4,
  "terraform_version": "1.10.4",
  "serial": 5,
  "lineage": "7eb5ee6d-ab58-e295-d509-6947d9dfa975",
  "outputs": {
    "app_insights_connection_string": {
      "value": "InstrumentationKey=9c22b9cf-36ee-486f-b7fe-faa06f15048d;IngestionEndpoint=https://westeurope-5.in.applicationinsights.azure.com/;LiveEndpoint=https://westeurope.livediagnostics.monitor.azure.com/;ApplicationId=734d6199-9899-4fe8-ace8-41d992d08152",
      "type": "string",
      "sensitive": true
    },
    "app_insights_instrumentation_key": {
      "value": "9c22b9cf-36ee-486f-b7fe-faa06f15048d",
      "type": "string",
      "sensitive": true
    },
    "staging_slot_url": {
      "value": "https://thinkforward-dev-staging.azurewebsites.net",
      "type": "string"
    },
    "webapp_id": {
      "value": "/subscriptions/ba0cdaec-11b4-48fc-8941-0930ab748543/resourceGroups/thinkforward-dev-rg/providers/Microsoft.Web/sites/thinkforward-dev",
      "type": "string"
    },
    "webapp_name": {
      "value": "thinkforward-dev",
      "type": "string"
    },
    "webapp_url": {
      "value": "https://thinkforward-dev.azurewebsites.net",
      "type": "string"
    }
  },
  "resources": [
    {
      "mode": "managed",
      "type": "azurerm_application_insights",
      "name": "insights",
      "provider": "provider[\"registry.terraform.io/hashicorp/azurerm\"]",
      "instances": [
        {
          "schema_version": 2,
          "attributes": {
            "app_id": "734d6199-9899-4fe8-ace8-41d992d08152",
            "application_type": "web",
            "connection_string": "InstrumentationKey=9c22b9cf-36ee-486f-b7fe-faa06f15048d;IngestionEndpoint=https://westeurope-5.in.applicationinsights.azure.com/;LiveEndpoint=https://westeurope.livediagnostics.monitor.azure.com/;ApplicationId=734d6199-9899-4fe8-ace8-41d992d08152",
            "daily_data_cap_in_gb": 100,
            "daily_data_cap_notifications_disabled": false,
            "disable_ip_masking": false,
            "force_customer_storage_for_profiler": false,
            "id": "/subscriptions/ba0cdaec-11b4-48fc-8941-0930ab748543/resourceGroups/thinkforward-dev-rg/providers/Microsoft.Insights/components/ai-learnapp-dev",
            "instrumentation_key": "9c22b9cf-36ee-486f-b7fe-faa06f15048d",
            "internet_ingestion_enabled": true,
            "internet_query_enabled": true,
            "local_authentication_disabled": false,
            "location": "westeurope",
            "name": "ai-learnapp-dev",
            "resource_group_name": "thinkforward-dev-rg",
            "retention_in_days": 90,
            "sampling_percentage": 100,
            "tags": {
              "kevin": "test"
            },
            "timeouts": null,
            "workspace_id": "/subscriptions/ba0cdaec-11b4-48fc-8941-0930ab748543/resourceGroups/ai_ai-learnapp-dev_734d6199-9899-4fe8-ace8-41d992d08152_managed/providers/Microsoft.OperationalInsights/workspaces/managed-ai-learnapp-dev-ws"
          },
          "sensitive_attributes": [
            [
              {
                "type": "get_attr",
                "value": "instrumentation_key"
              }
            ],
            [
              {
                "type": "get_attr",
                "value": "connection_string"
              }
            ]
          ],
          "private": "eyJlMmJmYjczMC1lY2FhLTExZTYtOGY4OC0zNDM2M2JjN2M0YzAiOnsiY3JlYXRlIjozNjAwMDAwMDAwMDAwLCJkZWxldGUiOjE4MDAwMDAwMDAwMDAsInJlYWQiOjMwMDAwMDAwMDAwMCwidXBkYXRlIjoxODAwMDAwMDAwMDAwfSwic2NoZW1hX3ZlcnNpb24iOiIyIn0="
        }
      ]
    },
    {
      "mode": "managed",
      "type": "azurerm_linux_web_app",
      "name": "web",
      "provider": "provider[\"registry.terraform.io/hashicorp/azurerm\"]",
      "instances": [
        {
          "schema_version": 1,
          "attributes": {
            "app_settings": {
              "APPLICATIONINSIGHTS_CONNECTION_STRING": "@Microsoft.KeyVault(SecretUri=https://thinkforward6xu0y7-kv.vault.azure.net/secrets/ApplicationInsightsConnectionString/)",
              "APP_CONFIG_ENDPOINT": "https://thinkforward-dev-appconfig.azconfig.io",
              "AZURE_KEY_VAULT_URL": "https://thinkforward6xu0y7-kv.vault.azure.net/",
              "COSMOS_DATABASE_ID": "thinkforward",
              "COSMOS_ENDPOINT": "https://thinkforward6xu0y7.documents.azure.com:443/",
              "NODE_ENV": "dev",
              "STORAGE_ACCOUNT_NAME": "thinkforward6xu0y7st",
              "STORAGE_CONTAINER_VIDEOS": "content",
              "WEBSITE_NODE_DEFAULT_VERSION": "~20"
            },
            "auth_settings": [],
            "auth_settings_v2": [],
            "backup": [],
            "client_affinity_enabled": false,
            "client_certificate_enabled": false,
            "client_certificate_exclusion_paths": "",
            "client_certificate_mode": "Required",
            "connection_string": [],
            "custom_domain_verification_id": "6378792C6CAC1611903F56E96AF349585D68C8EAE2B952B189BD5092FDD45E41",
            "default_hostname": "thinkforward-dev.azurewebsites.net",
            "enabled": true,
            "ftp_publish_basic_authentication_enabled": true,
            "hosting_environment_id": "",
            "https_only": true,
            "id": "/subscriptions/ba0cdaec-11b4-48fc-8941-0930ab748543/resourceGroups/thinkforward-dev-rg/providers/Microsoft.Web/sites/thinkforward-dev",
            "identity": [
              {
                "identity_ids": null,
                "principal_id": "caf4134e-8876-41e2-96f6-46da95e66820",
                "tenant_id": "210c0b48-cd6d-4b9f-8c17-54ba2524cced",
                "type": "SystemAssigned"
              }
            ],
            "key_vault_reference_identity_id": "SystemAssigned",
            "kind": "app,linux",
            "location": "westeurope",
            "logs": [],
            "name": "thinkforward-dev",
            "outbound_ip_address_list": [
              "20.31.43.8",
              "20.31.42.62",
              "20.31.47.232",
              "20.238.240.185",
              "20.238.240.104",
              "20.31.47.235",
              "20.105.232.16"
            ],
            "outbound_ip_addresses": "20.31.43.8,20.31.42.62,20.31.47.232,20.238.240.185,20.238.240.104,20.31.47.235,20.105.232.16",
            "possible_outbound_ip_address_list": [
              "20.238.240.222",
              "20.238.240.232",
              "20.238.240.234",
              "20.238.240.236",
              "20.31.47.225",
              "20.31.47.171",
              "20.31.43.8",
              "20.31.42.62",
              "20.31.47.232",
              "20.238.240.185",
              "20.238.240.104",
              "20.31.47.235",
              "20.31.47.237",
              "20.31.47.238",
              "20.238.240.149",
              "20.238.240.42",
              "20.238.240.151",
              "20.238.240.153",
              "20.238.240.106",
              "20.123.238.232",
              "20.31.41.31",
              "20.31.45.65",
              "20.31.42.202",
              "20.31.43.51",
              "20.105.232.16"
            ],
            "possible_outbound_ip_addresses": "20.238.240.222,20.238.240.232,20.238.240.234,20.238.240.236,20.31.47.225,20.31.47.171,20.31.43.8,20.31.42.62,20.31.47.232,20.238.240.185,20.238.240.104,20.31.47.235,20.31.47.237,20.31.47.238,20.238.240.149,20.238.240.42,20.238.240.151,20.238.240.153,20.238.240.106,20.123.238.232,20.31.41.31,20.31.45.65,20.31.42.202,20.31.43.51,20.105.232.16",
            "public_network_access_enabled": true,
            "resource_group_name": "thinkforward-dev-rg",
            "service_plan_id": "/subscriptions/ba0cdaec-11b4-48fc-8941-0930ab748543/resourceGroups/thinkforward-dev-rg/providers/Microsoft.Web/serverFarms/asp-learnapp-dev",
            "site_config": [
              {
                "always_on": true,
                "api_definition_url": "",
                "api_management_api_id": "",
                "app_command_line": "",
                "application_stack": [
                  {
                    "docker_image_name": "",
                    "docker_registry_password": "",
                    "docker_registry_url": "",
                    "docker_registry_username": "",
                    "dotnet_version": "",
                    "go_version": "",
                    "java_server": "",
                    "java_server_version": "",
                    "java_version": "",
                    "node_version": "20-lts",
                    "php_version": "",
                    "python_version": "",
                    "ruby_version": ""
                  }
                ],
                "auto_heal_setting": [],
                "container_registry_managed_identity_client_id": "",
                "container_registry_use_managed_identity": false,
                "cors": [
                  {
                    "allowed_origins": [
                      "https://thinkforward-dev.azurewebsites.net"
                    ],
                    "support_credentials": true
                  }
                ],
                "default_documents": [
                  "Default.htm",
                  "Default.html",
                  "Default.asp",
                  "index.htm",
                  "index.html",
                  "iisstart.htm",
                  "default.aspx",
                  "index.php",
                  "hostingstart.html"
                ],
                "detailed_error_logging_enabled": false,
                "ftps_state": "Disabled",
                "health_check_eviction_time_in_min": 10,
                "health_check_path": "/api/health",
                "http2_enabled": false,
                "ip_restriction": [],
                "ip_restriction_default_action": "Allow",
                "linux_fx_version": "NODE|20-lts",
                "load_balancing_mode": "LeastRequests",
                "local_mysql_enabled": false,
                "managed_pipeline_mode": "Integrated",
                "minimum_tls_version": "1.2",
                "remote_debugging_enabled": false,
                "remote_debugging_version": "VS2022",
                "scm_ip_restriction": [],
                "scm_ip_restriction_default_action": "Allow",
                "scm_minimum_tls_version": "1.2",
                "scm_type": "None",
                "scm_use_main_ip_restriction": false,
                "use_32_bit_worker": true,
                "vnet_route_all_enabled": false,
                "websockets_enabled": false,
                "worker_count": 1
              }
            ],
            "site_credential": [
              {
                "name": "$thinkforward-dev",
                "password": "NtbG16Xg36fty1ECZ6E4qZvYsPXhjfHmGxXXowGuFnnEQdoGHcxDsTFzqtNz"
              }
            ],
            "sticky_settings": [],
            "storage_account": [],
            "tags": {
              "kevin": "test"
            },
            "timeouts": null,
            "virtual_network_backup_restore_enabled": false,
            "virtual_network_subnet_id": "",
            "vnet_image_pull_enabled": false,
            "webdeploy_publish_basic_authentication_enabled": true,
            "zip_deploy_file": ""
          },
          "sensitive_attributes": [
            [
              {
                "type": "get_attr",
                "value": "site_config"
              },
              {
                "type": "index",
                "value": {
                  "value": 0,
                  "type": "number"
                }
              },
              {
                "type": "get_attr",
                "value": "application_stack"
              },
              {
                "type": "index",
                "value": {
                  "value": 0,
                  "type": "number"
                }
              },
              {
                "type": "get_attr",
                "value": "docker_registry_password"
              }
            ],
            [
              {
                "type": "get_attr",
                "value": "custom_domain_verification_id"
              }
            ],
            [
              {
                "type": "get_attr",
                "value": "site_credential"
              }
            ]
          ],
          "private": "eyJlMmJmYjczMC1lY2FhLTExZTYtOGY4OC0zNDM2M2JjN2M0YzAiOnsiY3JlYXRlIjoxODAwMDAwMDAwMDAwLCJkZWxldGUiOjE4MDAwMDAwMDAwMDAsInJlYWQiOjMwMDAwMDAwMDAwMCwidXBkYXRlIjoxODAwMDAwMDAwMDAwfSwic2NoZW1hX3ZlcnNpb24iOiIxIn0=",
          "dependencies": [
            "azurerm_service_plan.plan"
          ]
        }
      ]
    },
    {
      "mode": "managed",
      "type": "azurerm_linux_web_app_slot",
      "name": "staging",
      "provider": "provider[\"registry.terraform.io/hashicorp/azurerm\"]",
      "instances": [
        {
          "schema_version": 1,
          "attributes": {
            "app_metadata": {},
            "app_service_id": "/subscriptions/ba0cdaec-11b4-48fc-8941-0930ab748543/resourceGroups/thinkforward-dev-rg/providers/Microsoft.Web/sites/thinkforward-dev",
            "app_settings": {
              "APPLICATIONINSIGHTS_CONNECTION_STRING": "@Microsoft.KeyVault(SecretUri=https://thinkforward6xu0y7-kv.vault.azure.net/secrets/ApplicationInsightsConnectionString/)",
              "APP_CONFIG_ENDPOINT": "https://thinkforward-dev-appconfig.azconfig.io",
              "AZURE_KEY_VAULT_URL": "https://thinkforward6xu0y7-kv.vault.azure.net/",
              "COSMOS_DATABASE_ID": "thinkforward",
              "COSMOS_ENDPOINT": "https://thinkforward6xu0y7.documents.azure.com:443/",
              "NODE_ENV": "staging",
              "STORAGE_ACCOUNT_NAME": "thinkforward6xu0y7st",
              "STORAGE_CONTAINER_VIDEOS": "content",
              "WEBSITE_NODE_DEFAULT_VERSION": "~20"
            },
            "auth_settings": [],
            "auth_settings_v2": [],
            "backup": [],
            "client_affinity_enabled": false,
            "client_certificate_enabled": false,
            "client_certificate_exclusion_paths": "",
            "client_certificate_mode": "Required",
            "connection_string": [],
            "custom_domain_verification_id": "6378792C6CAC1611903F56E96AF349585D68C8EAE2B952B189BD5092FDD45E41",
            "default_hostname": "thinkforward-dev-staging.azurewebsites.net",
            "enabled": true,
            "ftp_publish_basic_authentication_enabled": true,
            "hosting_environment_id": "",
            "https_only": false,
            "id": "/subscriptions/ba0cdaec-11b4-48fc-8941-0930ab748543/resourceGroups/thinkforward-dev-rg/providers/Microsoft.Web/sites/thinkforward-dev/slots/staging",
            "identity": [
              {
                "identity_ids": null,
                "principal_id": "bb0ee49f-8bc2-45e4-9d72-87b7f56d7457",
                "tenant_id": "210c0b48-cd6d-4b9f-8c17-54ba2524cced",
                "type": "SystemAssigned"
              }
            ],
            "key_vault_reference_identity_id": "SystemAssigned",
            "kind": "app,linux",
            "logs": [],
            "name": "staging",
            "outbound_ip_address_list": [
              "20.31.43.8",
              "20.31.42.62",
              "20.31.47.232",
              "20.238.240.185",
              "20.238.240.104",
              "20.31.47.235",
              "20.105.232.16"
            ],
            "outbound_ip_addresses": "20.31.43.8,20.31.42.62,20.31.47.232,20.238.240.185,20.238.240.104,20.31.47.235,20.105.232.16",
            "possible_outbound_ip_address_list": [
              "20.238.240.222",
              "20.238.240.232",
              "20.238.240.234",
              "20.238.240.236",
              "20.31.47.225",
              "20.31.47.171",
              "20.31.43.8",
              "20.31.42.62",
              "20.31.47.232",
              "20.238.240.185",
              "20.238.240.104",
              "20.31.47.235",
              "20.31.47.237",
              "20.31.47.238",
              "20.238.240.149",
              "20.238.240.42",
              "20.238.240.151",
              "20.238.240.153",
              "20.238.240.106",
              "20.123.238.232",
              "20.31.41.31",
              "20.31.45.65",
              "20.31.42.202",
              "20.31.43.51",
              "20.105.232.16"
            ],
            "possible_outbound_ip_addresses": "20.238.240.222,20.238.240.232,20.238.240.234,20.238.240.236,20.31.47.225,20.31.47.171,20.31.43.8,20.31.42.62,20.31.47.232,20.238.240.185,20.238.240.104,20.31.47.235,20.31.47.237,20.31.47.238,20.238.240.149,20.238.240.42,20.238.240.151,20.238.240.153,20.238.240.106,20.123.238.232,20.31.41.31,20.31.45.65,20.31.42.202,20.31.43.51,20.105.232.16",
            "public_network_access_enabled": true,
            "service_plan_id": "",
            "site_config": [
              {
                "always_on": true,
                "api_definition_url": "",
                "api_management_api_id": "",
                "app_command_line": "",
                "application_stack": [
                  {
                    "docker_image_name": "",
                    "docker_registry_password": "",
                    "docker_registry_url": "",
                    "docker_registry_username": "",
                    "dotnet_version": "",
                    "go_version": "",
                    "java_server": "",
                    "java_server_version": "",
                    "java_version": "",
                    "node_version": "20-lts",
                    "php_version": "",
                    "python_version": "",
                    "ruby_version": ""
                  }
                ],
                "auto_heal_setting": [],
                "auto_swap_slot_name": "",
                "container_registry_managed_identity_client_id": "",
                "container_registry_use_managed_identity": false,
                "cors": [
                  {
                    "allowed_origins": [
                      "https://thinkforward-dev-staging.azurewebsites.net"
                    ],
                    "support_credentials": true
                  }
                ],
                "default_documents": [
                  "Default.htm",
                  "Default.html",
                  "Default.asp",
                  "index.htm",
                  "index.html",
                  "iisstart.htm",
                  "default.aspx",
                  "index.php",
                  "hostingstart.html"
                ],
                "detailed_error_logging_enabled": false,
                "ftps_state": "Disabled",
                "health_check_eviction_time_in_min": 10,
                "health_check_path": "/api/health",
                "http2_enabled": false,
                "ip_restriction": [],
                "ip_restriction_default_action": "Allow",
                "linux_fx_version": "NODE|20-lts",
                "load_balancing_mode": "LeastRequests",
                "local_mysql_enabled": false,
                "managed_pipeline_mode": "Integrated",
                "minimum_tls_version": "1.2",
                "remote_debugging_enabled": false,
                "remote_debugging_version": "VS2022",
                "scm_ip_restriction": [],
                "scm_ip_restriction_default_action": "Allow",
                "scm_minimum_tls_version": "1.2",
                "scm_type": "None",
                "scm_use_main_ip_restriction": false,
                "use_32_bit_worker": true,
                "vnet_route_all_enabled": false,
                "websockets_enabled": false,
                "worker_count": 1
              }
            ],
            "site_credential": [
              {
                "name": "$thinkforward-dev__staging",
                "password": "8nsbbknChprhqYnaJvsaKs2X9sYzE7owSxcBA13JhZqy1biSYBeQ5lWNqBxr"
              }
            ],
            "storage_account": [],
            "tags": {
              "kevin": "test"
            },
            "timeouts": null,
            "virtual_network_backup_restore_enabled": false,
            "virtual_network_subnet_id": "",
            "vnet_image_pull_enabled": false,
            "webdeploy_publish_basic_authentication_enabled": true,
            "zip_deploy_file": ""
          },
          "sensitive_attributes": [
            [
              {
                "type": "get_attr",
                "value": "custom_domain_verification_id"
              }
            ],
            [
              {
                "type": "get_attr",
                "value": "site_credential"
              }
            ],
            [
              {
                "type": "get_attr",
                "value": "site_config"
              },
              {
                "type": "index",
                "value": {
                  "value": 0,
                  "type": "number"
                }
              },
              {
                "type": "get_attr",
                "value": "application_stack"
              },
              {
                "type": "index",
                "value": {
                  "value": 0,
                  "type": "number"
                }
              },
              {
                "type": "get_attr",
                "value": "docker_registry_password"
              }
            ]
          ],
          "private": "eyJlMmJmYjczMC1lY2FhLTExZTYtOGY4OC0zNDM2M2JjN2M0YzAiOnsiY3JlYXRlIjoxODAwMDAwMDAwMDAwLCJkZWxldGUiOjE4MDAwMDAwMDAwMDAsInJlYWQiOjMwMDAwMDAwMDAwMCwidXBkYXRlIjoxODAwMDAwMDAwMDAwfSwic2NoZW1hX3ZlcnNpb24iOiIxIn0=",
          "dependencies": [
            "azurerm_linux_web_app.web",
            "azurerm_service_plan.plan"
          ]
        }
      ]
    },
    {
      "mode": "managed",
      "type": "azurerm_service_plan",
      "name": "plan",
      "provider": "provider[\"registry.terraform.io/hashicorp/azurerm\"]",
      "instances": [
        {
          "schema_version": 1,
          "attributes": {
            "app_service_environment_id": "",
            "id": "/subscriptions/ba0cdaec-11b4-48fc-8941-0930ab748543/resourceGroups/thinkforward-dev-rg/providers/Microsoft.Web/serverFarms/asp-learnapp-dev",
            "kind": "linux",
            "location": "westeurope",
            "maximum_elastic_worker_count": 1,
            "name": "asp-learnapp-dev",
            "os_type": "Linux",
            "per_site_scaling_enabled": false,
            "premium_plan_auto_scale_enabled": false,
            "reserved": true,
            "resource_group_name": "thinkforward-dev-rg",
            "sku_name": "P1v2",
            "tags": {
              "kevin": "test"
            },
            "timeouts": null,
            "worker_count": 1,
            "zone_balancing_enabled": false
          },
          "sensitive_attributes": [],
          "private": "eyJlMmJmYjczMC1lY2FhLTExZTYtOGY4OC0zNDM2M2JjN2M0YzAiOnsiY3JlYXRlIjozNjAwMDAwMDAwMDAwLCJkZWxldGUiOjM2MDAwMDAwMDAwMDAsInJlYWQiOjMwMDAwMDAwMDAwMCwidXBkYXRlIjozNjAwMDAwMDAwMDAwfSwic2NoZW1hX3ZlcnNpb24iOiIxIn0="
        }
      ]
    }
  ],
  "check_results": null
}
